
Microsoft Visual Studio Solution File, Format Version 12.00
# Visual Studio Version 17
VisualStudioVersion = 17.14.36414.22
MinimumVisualStudioVersion = 10.0.40219.1
Project("{2150E333-8FDC-42A3-9474-1A3956D46DE8}") = "src", "src", "{02EA681E-C7D8-13C7-8484-4AC65E1B71E8}"
EndProject
Project("{2150E333-8FDC-42A3-9474-1A3956D46DE8}") = "test", "test", "{B3971BD1-4BDC-465A-8798-9B4B78D1B0DE}"
EndProject
Project("{2150E333-8FDC-42A3-9474-1A3956D46DE8}") = "API", "API", "{A699A35C-B4B1-4156-B7AC-E0D9711069F2}"
EndProject
Project("{2150E333-8FDC-42A3-9474-1A3956D46DE8}") = "Core", "Core", "{65294F13-FC94-408C-A58E-5E37E51198DB}"
EndProject
Project("{2150E333-8FDC-42A3-9474-1A3956D46DE8}") = "Infrastructure", "Infrastructure", "{CDE9C2ED-BC64-47B0-90CD-6A1F20E53AB2}"
EndProject
Project("{2150E333-8FDC-42A3-9474-1A3956D46DE8}") = "UI", "UI", "{32233BAE-3259-495D-8102-7AA42395F0DC}"
EndProject
Project("{FAE04EC0-301F-11D3-BF4B-00C04F79EFBC}") = "Domain", "src\Core\Domain\Domain.csproj", "{B512E476-F50B-40F6-9922-32FC721C2184}"
EndProject
Project("{FAE04EC0-301F-11D3-BF4B-00C04F79EFBC}") = "Application", "src\Core\Application\Application.csproj", "{F813EBD0-36A2-4A40-A91A-5BB061526B2C}"
EndProject
Project("{FAE04EC0-301F-11D3-BF4B-00C04F79EFBC}") = "Persistence", "src\Infrastructure\Persistence\Persistence.csproj", "{C2067B9B-E618-40A8-BB88-802056696A02}"
EndProject
Project("{FAE04EC0-301F-11D3-BF4B-00C04F79EFBC}") = "Infrastructure", "src\Infrastructure\Infrastructure\Infrastructure.csproj", "{959AE87E-A8A2-4DB2-A84A-B9EEE81350AC}"
EndProject
Project("{FAE04EC0-301F-11D3-BF4B-00C04F79EFBC}") = "API", "src\API\API\API.csproj", "{A48ED964-F8F3-44AD-B6F0-9668C613FFE8}"
EndProject
Project("{FAE04EC0-301F-11D3-BF4B-00C04F79EFBC}") = "Test", "Test\Test.csproj", "{226F9DCA-2192-4F12-912E-D127D4334769}"
EndProject
Global
	GlobalSection(SolutionConfigurationPlatforms) = preSolution
		Debug|Any CPU = Debug|Any CPU
		Release|Any CPU = Release|Any CPU
	EndGlobalSection
	GlobalSection(ProjectConfigurationPlatforms) = postSolution
		{B512E476-F50B-40F6-9922-32FC721C2184}.Debug|Any CPU.ActiveCfg = Debug|Any CPU
		{B512E476-F50B-40F6-9922-32FC721C2184}.Debug|Any CPU.Build.0 = Debug|Any CPU
		{B512E476-F50B-40F6-9922-32FC721C2184}.Release|Any CPU.ActiveCfg = Release|Any CPU
		{B512E476-F50B-40F6-9922-32FC721C2184}.Release|Any CPU.Build.0 = Release|Any CPU
		{F813EBD0-36A2-4A40-A91A-5BB061526B2C}.Debug|Any CPU.ActiveCfg = Debug|Any CPU
		{F813EBD0-36A2-4A40-A91A-5BB061526B2C}.Debug|Any CPU.Build.0 = Debug|Any CPU
		{F813EBD0-36A2-4A40-A91A-5BB061526B2C}.Release|Any CPU.ActiveCfg = Release|Any CPU
		{F813EBD0-36A2-4A40-A91A-5BB061526B2C}.Release|Any CPU.Build.0 = Release|Any CPU
		{C2067B9B-E618-40A8-BB88-802056696A02}.Debug|Any CPU.ActiveCfg = Debug|Any CPU
		{C2067B9B-E618-40A8-BB88-802056696A02}.Debug|Any CPU.Build.0 = Debug|Any CPU
		{C2067B9B-E618-40A8-BB88-802056696A02}.Release|Any CPU.ActiveCfg = Release|Any CPU
		{C2067B9B-E618-40A8-BB88-802056696A02}.Release|Any CPU.Build.0 = Release|Any CPU
		{959AE87E-A8A2-4DB2-A84A-B9EEE81350AC}.Debug|Any CPU.ActiveCfg = Debug|Any CPU
		{959AE87E-A8A2-4DB2-A84A-B9EEE81350AC}.Debug|Any CPU.Build.0 = Debug|Any CPU
		{959AE87E-A8A2-4DB2-A84A-B9EEE81350AC}.Release|Any CPU.ActiveCfg = Release|Any CPU
		{959AE87E-A8A2-4DB2-A84A-B9EEE81350AC}.Release|Any CPU.Build.0 = Release|Any CPU
		{A48ED964-F8F3-44AD-B6F0-9668C613FFE8}.Debug|Any CPU.ActiveCfg = Debug|Any CPU
		{A48ED964-F8F3-44AD-B6F0-9668C613FFE8}.Debug|Any CPU.Build.0 = Debug|Any CPU
		{A48ED964-F8F3-44AD-B6F0-9668C613FFE8}.Release|Any CPU.ActiveCfg = Release|Any CPU
		{A48ED964-F8F3-44AD-B6F0-9668C613FFE8}.Release|Any CPU.Build.0 = Release|Any CPU
		{226F9DCA-2192-4F12-912E-D127D4334769}.Debug|Any CPU.ActiveCfg = Debug|Any CPU
		{226F9DCA-2192-4F12-912E-D127D4334769}.Debug|Any CPU.Build.0 = Debug|Any CPU
		{226F9DCA-2192-4F12-912E-D127D4334769}.Release|Any CPU.ActiveCfg = Release|Any CPU
		{226F9DCA-2192-4F12-912E-D127D4334769}.Release|Any CPU.Build.0 = Release|Any CPU
	EndGlobalSection
	GlobalSection(SolutionProperties) = preSolution
		HideSolutionNode = FALSE
	EndGlobalSection
	GlobalSection(NestedProjects) = preSolution
		{A699A35C-B4B1-4156-B7AC-E0D9711069F2} = {02EA681E-C7D8-13C7-8484-4AC65E1B71E8}
		{65294F13-FC94-408C-A58E-5E37E51198DB} = {02EA681E-C7D8-13C7-8484-4AC65E1B71E8}
		{CDE9C2ED-BC64-47B0-90CD-6A1F20E53AB2} = {02EA681E-C7D8-13C7-8484-4AC65E1B71E8}
		{32233BAE-3259-495D-8102-7AA42395F0DC} = {02EA681E-C7D8-13C7-8484-4AC65E1B71E8}
		{B512E476-F50B-40F6-9922-32FC721C2184} = {65294F13-FC94-408C-A58E-5E37E51198DB}
		{F813EBD0-36A2-4A40-A91A-5BB061526B2C} = {65294F13-FC94-408C-A58E-5E37E51198DB}
		{C2067B9B-E618-40A8-BB88-802056696A02} = {CDE9C2ED-BC64-47B0-90CD-6A1F20E53AB2}
		{959AE87E-A8A2-4DB2-A84A-B9EEE81350AC} = {CDE9C2ED-BC64-47B0-90CD-6A1F20E53AB2}
		{A48ED964-F8F3-44AD-B6F0-9668C613FFE8} = {A699A35C-B4B1-4156-B7AC-E0D9711069F2}
		{226F9DCA-2192-4F12-912E-D127D4334769} = {B3971BD1-4BDC-465A-8798-9B4B78D1B0DE}
	EndGlobalSection
	GlobalSection(ExtensibilityGlobals) = postSolution
		SolutionGuid = {2D41E850-F7FB-487B-A70E-7DD81E8B4BBA}
	EndGlobalSection
EndGlobal
