
Microsoft Visual Studio Solution File, Format Version 12.00
# Visual Studio Version 17
VisualStudioVersion = 17.14.36414.22 d17.14
MinimumVisualStudioVersion = 10.0.40219.1
Project("{2150E333-8FDC-42A3-9474-1A3956D46DE8}") = "src", "src", "{02EA681E-C7D8-13C7-8484-4AC65E1B71E8}"
EndProject
Project("{2150E333-8FDC-42A3-9474-1A3956D46DE8}") = "test", "test", "{B3971BD1-4BDC-465A-8798-9B4B78D1B0DE}"
EndProject
Project("{2150E333-8FDC-42A3-9474-1A3956D46DE8}") = "API", "API", "{A699A35C-B4B1-4156-B7AC-E0D9711069F2}"
EndProject
Project("{2150E333-8FDC-42A3-9474-1A3956D46DE8}") = "Core", "Core", "{65294F13-FC94-408C-A58E-5E37E51198DB}"
EndProject
Project("{2150E333-8FDC-42A3-9474-1A3956D46DE8}") = "Infrastructure", "Infrastructure", "{CDE9C2ED-BC64-47B0-90CD-6A1F20E53AB2}"
EndProject
Project("{2150E333-8FDC-42A3-9474-1A3956D46DE8}") = "UI", "UI", "{32233BAE-3259-495D-8102-7AA42395F0DC}"
EndProject
Global
	GlobalSection(SolutionProperties) = preSolution
		HideSolutionNode = FALSE
	EndGlobalSection
	GlobalSection(NestedProjects) = preSolution
		{A699A35C-B4B1-4156-B7AC-E0D9711069F2} = {02EA681E-C7D8-13C7-8484-4AC65E1B71E8}
		{65294F13-FC94-408C-A58E-5E37E51198DB} = {02EA681E-C7D8-13C7-8484-4AC65E1B71E8}
		{CDE9C2ED-BC64-47B0-90CD-6A1F20E53AB2} = {02EA681E-C7D8-13C7-8484-4AC65E1B71E8}
		{32233BAE-3259-495D-8102-7AA42395F0DC} = {02EA681E-C7D8-13C7-8484-4AC65E1B71E8}
	EndGlobalSection
	GlobalSection(ExtensibilityGlobals) = postSolution
		SolutionGuid = {2D41E850-F7FB-487B-A70E-7DD81E8B4BBA}
	EndGlobalSection
EndGlobal
